
Microsoft Visual Studio Solution File, Format Version 12.00
# Visual Studio Version 17
VisualStudioVersion = 17.14.36401.2 d17.14
MinimumVisualStudioVersion = 10.0.40219.1
Project("{FAE04EC0-301F-11D3-BF4B-00C04F79EFBC}") = "xadrex-console", "xadrex-console\xadrex-console.csproj", "{33D4B228-3F56-4F8F-8251-9C85996E59C3}"
EndProject
Global
	GlobalSection(SolutionConfigurationPlatforms) = preSolution
		Debug|Any CPU = Debug|Any CPU
		Release|Any CPU = Release|Any CPU
	EndGlobalSection
	GlobalSection(ProjectConfigurationPlatforms) = postSolution
		{33D4B228-3F56-4F8F-8251-9C85996E59C3}.Debug|Any CPU.ActiveCfg = Debug|Any CPU
		{33D4B228-3F56-4F8F-8251-9C85996E59C3}.Debug|Any CPU.Build.0 = Debug|Any CPU
		{33D4B228-3F56-4F8F-8251-9C85996E59C3}.Release|Any CPU.ActiveCfg = Release|Any CPU
		{33D4B228-3F56-4F8F-8251-9C85996E59C3}.Release|Any CPU.Build.0 = Release|Any CPU
	EndGlobalSection
	GlobalSection(SolutionProperties) = preSolution
		HideSolutionNode = FALSE
	EndGlobalSection
	GlobalSection(ExtensibilityGlobals) = postSolution
		SolutionGuid = {DB889BD8-B434-440F-AA83-040BD6CE8E2B}
	EndGlobalSection
EndGlobal
